// !$*UTF8*$!
{
	archiveVersion = 1;
	classes = {
	};
	objectVersion = 46;
	objects = {

/* Begin PBXBuildFile section */
		124378BF1B33622B00B64A39 /* SagradaFamilia.jpeg in Resources */ = {isa = PBXBuildFile; fileRef = 124378BE1B33622B00B64A39 /* SagradaFamilia.jpeg */; };
		124378C11B337C7F00B64A39 /* AlbertEinsteinStamp.jpg in Resources */ = {isa = PBXBuildFile; fileRef = 124378C01B337C7F00B64A39 /* AlbertEinsteinStamp.jpg */; };
		127961B61B2FBA4400539B52 /* AppDelegate.swift in Sources */ = {isa = PBXBuildFile; fileRef = 127961B51B2FBA4400539B52 /* AppDelegate.swift */; };
		127961B81B2FBA4400539B52 /* ViewController.swift in Sources */ = {isa = PBXBuildFile; fileRef = 127961B71B2FBA4400539B52 /* ViewController.swift */; };
		127961BB1B2FBA4400539B52 /* Main.storyboard in Resources */ = {isa = PBXBuildFile; fileRef = 127961B91B2FBA4400539B52 /* Main.storyboard */; };
		127961BD1B2FBA4400539B52 /* Images.xcassets in Resources */ = {isa = PBXBuildFile; fileRef = 127961BC1B2FBA4400539B52 /* Images.xcassets */; };
		127961C01B2FBA4400539B52 /* LaunchScreen.xib in Resources */ = {isa = PBXBuildFile; fileRef = 127961BE1B2FBA4400539B52 /* LaunchScreen.xib */; };
		127961CC1B2FBA4400539B52 /* PostcardTests.swift in Sources */ = {isa = PBXBuildFile; fileRef = 127961CB1B2FBA4400539B52 /* PostcardTests.swift */; };
/* End PBXBuildFile section */

/* Begin PBXContainerItemProxy section */
		127961C61B2FBA4400539B52 /* PBXContainerItemProxy */ = {
			isa = PBXContainerItemProxy;
			containerPortal = 127961A81B2FBA4300539B52 /* Project object */;
			proxyType = 1;
			remoteGlobalIDString = 127961AF1B2FBA4300539B52;
			remoteInfo = Postcard;
		};
/* End PBXContainerItemProxy section */

/* Begin PBXFileReference section */
		124378BE1B33622B00B64A39 /* SagradaFamilia.jpeg */ = {isa = PBXFileReference; lastKnownFileType = image.jpeg; path = SagradaFamilia.jpeg; sourceTree = "<group>"; };
		124378C01B337C7F00B64A39 /* AlbertEinsteinStamp.jpg */ = {isa = PBXFileReference; lastKnownFileType = image.jpeg; path = AlbertEinsteinStamp.jpg; sourceTree = "<group>"; };
		127961B01B2FBA4400539B52 /* Postcard.app */ = {isa = PBXFileReference; explicitFileType = wrapper.application; includeInIndex = 0; path = Postcard.app; sourceTree = BUILT_PRODUCTS_DIR; };
		127961B41B2FBA4400539B52 /* Info.plist */ = {isa = PBXFileReference; lastKnownFileType = text.plist.xml; path = Info.plist; sourceTree = "<group>"; };
		127961B51B2FBA4400539B52 /* AppDelegate.swift */ = {isa = PBXFileReference; lastKnownFileType = sourcecode.swift; path = AppDelegate.swift; sourceTree = "<group>"; };
		127961B71B2FBA4400539B52 /* ViewController.swift */ = {isa = PBXFileReference; lastKnownFileType = sourcecode.swift; path = ViewController.swift; sourceTree = "<group>"; };
		127961BA1B2FBA4400539B52 /* Base */ = {isa = PBXFileReference; lastKnownFileType = file.storyboard; name = Base; path = Base.lproj/Main.storyboard; sourceTree = "<group>"; };
		127961BC1B2FBA4400539B52 /* Images.xcassets */ = {isa = PBXFileReference; lastKnownFileType = folder.assetcatalog; path = Images.xcassets; sourceTree = "<group>"; };
		127961BF1B2FBA4400539B52 /* Base */ = {isa = PBXFileReference; lastKnownFileType = file.xib; name = Base; path = Base.lproj/LaunchScreen.xib; sourceTree = "<group>"; };
		127961C51B2FBA4400539B52 /* PostcardTests.xctest */ = {isa = PBXFileReference; explicitFileType = wrapper.cfbundle; includeInIndex = 0; path = PostcardTests.xctest; sourceTree = BUILT_PRODUCTS_DIR; };
		127961CA1B2FBA4400539B52 /* Info.plist */ = {isa = PBXFileReference; lastKnownFileType = text.plist.xml; path = Info.plist; sourceTree = "<group>"; };
		127961CB1B2FBA4400539B52 /* PostcardTests.swift */ = {isa = PBXFileReference; lastKnownFileType = sourcecode.swift; path = PostcardTests.swift; sourceTree = "<group>"; };
/* End PBXFileReference section */

/* Begin PBXFrameworksBuildPhase section */
		127961AD1B2FBA4300539B52 /* Frameworks */ = {
			isa = PBXFrameworksBuildPhase;
			buildActionMask = 2147483647;
			files = (
			);
			runOnlyForDeploymentPostprocessing = 0;
		};
		127961C21B2FBA4400539B52 /* Frameworks */ = {
			isa = PBXFrameworksBuildPhase;
			buildActionMask = 2147483647;
			files = (
			);
			runOnlyForDeploymentPostprocessing = 0;
		};
/* End PBXFrameworksBuildPhase section */

/* Begin PBXGroup section */
		127961A71B2FBA4300539B52 = {
			isa = PBXGroup;
			children = (
				127961B21B2FBA4400539B52 /* Postcard */,
				127961C81B2FBA4400539B52 /* PostcardTests */,
				127961B11B2FBA4400539B52 /* Products */,
			);
			sourceTree = "<group>";
		};
		127961B11B2FBA4400539B52 /* Products */ = {
			isa = PBXGroup;
			children = (
				127961B01B2FBA4400539B52 /* Postcard.app */,
				127961C51B2FBA4400539B52 /* PostcardTests.xctest */,
			);
			name = Products;
			sourceTree = "<group>";
		};
		127961B21B2FBA4400539B52 /* Postcard */ = {
			isa = PBXGroup;
			children = (
				127961B51B2FBA4400539B52 /* AppDelegate.swift */,
				127961B71B2FBA4400539B52 /* ViewController.swift */,
				127961B91B2FBA4400539B52 /* Main.storyboard */,
				127961BC1B2FBA4400539B52 /* Images.xcassets */,
				127961BE1B2FBA4400539B52 /* LaunchScreen.xib */,
				127961B31B2FBA4400539B52 /* Supporting Files */,
			);
			path = Postcard;
			sourceTree = "<group>";
		};
		127961B31B2FBA4400539B52 /* Supporting Files */ = {
			isa = PBXGroup;
			children = (
				124378C01B337C7F00B64A39 /* AlbertEinsteinStamp.jpg */,
				124378BE1B33622B00B64A39 /* SagradaFamilia.jpeg */,
				127961B41B2FBA4400539B52 /* Info.plist */,
			);
			name = "Supporting Files";
			sourceTree = "<group>";
		};
		127961C81B2FBA4400539B52 /* PostcardTests */ = {
			isa = PBXGroup;
			children = (
				127961CB1B2FBA4400539B52 /* PostcardTests.swift */,
				127961C91B2FBA4400539B52 /* Supporting Files */,
			);
			path = PostcardTests;
			sourceTree = "<group>";
		};
		127961C91B2FBA4400539B52 /* Supporting Files */ = {
			isa = PBXGroup;
			children = (
				127961CA1B2FBA4400539B52 /* Info.plist */,
			);
			name = "Supporting Files";
			sourceTree = "<group>";
		};
/* End PBXGroup section */

/* Begin PBXNativeTarget section */
		127961AF1B2FBA4300539B52 /* Postcard */ = {
			isa = PBXNativeTarget;
			buildConfigurationList = 127961CF1B2FBA4400539B52 /* Build configuration list for PBXNativeTarget "Postcard" */;
			buildPhases = (
				127961AC1B2FBA4300539B52 /* Sources */,
				127961AD1B2FBA4300539B52 /* Frameworks */,
				127961AE1B2FBA4300539B52 /* Resources */,
			);
			buildRules = (
			);
			dependencies = (
			);
			name = Postcard;
			productName = Postcard;
			productReference = 127961B01B2FBA4400539B52 /* Postcard.app */;
			productType = "com.apple.product-type.application";
		};
		127961C41B2FBA4400539B52 /* PostcardTests */ = {
			isa = PBXNativeTarget;
			buildConfigurationList = 127961D21B2FBA4400539B52 /* Build configuration list for PBXNativeTarget "PostcardTests" */;
			buildPhases = (
				127961C11B2FBA4400539B52 /* Sources */,
				127961C21B2FBA4400539B52 /* Frameworks */,
				127961C31B2FBA4400539B52 /* Resources */,
			);
			buildRules = (
			);
			dependencies = (
				127961C71B2FBA4400539B52 /* PBXTargetDependency */,
			);
			name = PostcardTests;
			productName = PostcardTests;
			productReference = 127961C51B2FBA4400539B52 /* PostcardTests.xctest */;
			productType = "com.apple.product-type.bundle.unit-test";
		};
/* End PBXNativeTarget section */

/* Begin PBXProject section */
		127961A81B2FBA4300539B52 /* Project object */ = {
			isa = PBXProject;
			attributes = {
				LastUpgradeCheck = 0630;
				ORGANIZATIONNAME = CM;
				TargetAttributes = {
					127961AF1B2FBA4300539B52 = {
						CreatedOnToolsVersion = 6.3.2;
					};
					127961C41B2FBA4400539B52 = {
						CreatedOnToolsVersion = 6.3.2;
						TestTargetID = 127961AF1B2FBA4300539B52;
					};
				};
			};
			buildConfigurationList = 127961AB1B2FBA4300539B52 /* Build configuration list for PBXProject "Postcard" */;
			compatibilityVersion = "Xcode 3.2";
			developmentRegion = English;
			hasScannedForEncodings = 0;
			knownRegions = (
				en,
				Base,
			);
			mainGroup = 127961A71B2FBA4300539B52;
			productRefGroup = 127961B11B2FBA4400539B52 /* Products */;
			projectDirPath = "";
			projectRoot = "";
			targets = (
				127961AF1B2FBA4300539B52 /* Postcard */,
				127961C41B2FBA4400539B52 /* PostcardTests */,
			);
		};
/* End PBXProject section */

/* Begin PBXResourcesBuildPhase section */
		127961AE1B2FBA4300539B52 /* Resources */ = {
			isa = PBXResourcesBuildPhase;
			buildActionMask = 2147483647;
			files = (
				127961BB1B2FBA4400539B52 /* Main.storyboard in Resources */,
				124378BF1B33622B00B64A39 /* SagradaFamilia.jpeg in Resources */,
				124378C11B337C7F00B64A39 /* AlbertEinsteinStamp.jpg in Resources */,
				127961C01B2FBA4400539B52 /* LaunchScreen.xib in Resources */,
				127961BD1B2FBA4400539B52 /* Images.xcassets in Resources */,
			);
			runOnlyForDeploymentPostprocessing = 0;
		};
		127961C31B2FBA4400539B52 /* Resources */ = {
			isa = PBXResourcesBuildPhase;
			buildActionMask = 2147483647;
			files = (
			);
			runOnlyForDeploymentPostprocessing = 0;
		};
/* End PBXResourcesBuildPhase section */

/* Begin PBXSourcesBuildPhase section */
		127961AC1B2FBA4300539B52 /* Sources */ = {
			isa = PBXSourcesBuildPhase;
			buildActionMask = 2147483647;
			files = (
				127961B81B2FBA4400539B52 /* ViewController.swift in Sources */,
				127961B61B2FBA4400539B52 /* AppDelegate.swift in Sources */,
			);
			runOnlyForDeploymentPostprocessing = 0;
		};
		127961C11B2FBA4400539B52 /* Sources */ = {
			isa = PBXSourcesBuildPhase;
			buildActionMask = 2147483647;
			files = (
				127961CC1B2FBA4400539B52 /* PostcardTests.swift in Sources */,
			);
			runOnlyForDeploymentPostprocessing = 0;
		};
/* End PBXSourcesBuildPhase section */

/* Begin PBXTargetDependency section */
		127961C71B2FBA4400539B52 /* PBXTargetDependency */ = {
			isa = PBXTargetDependency;
			target = 127961AF1B2FBA4300539B52 /* Postcard */;
			targetProxy = 127961C61B2FBA4400539B52 /* PBXContainerItemProxy */;
		};
/* End PBXTargetDependency section */

/* Begin PBXVariantGroup section */
		127961B91B2FBA4400539B52 /* Main.storyboard */ = {
			isa = PBXVariantGroup;
			children = (
				127961BA1B2FBA4400539B52 /* Base */,
			);
			name = Main.storyboard;
			sourceTree = "<group>";
		};
		127961BE1B2FBA4400539B52 /* LaunchScreen.xib */ = {
			isa = PBXVariantGroup;
			children = (
				127961BF1B2FBA4400539B52 /* Base */,
			);
			name = LaunchScreen.xib;
			sourceTree = "<group>";
		};
/* End PBXVariantGroup section */

/* Begin XCBuildConfiguration section */
		127961CD1B2FBA4400539B52 /* Debug */ = {
			isa = XCBuildConfiguration;
			buildSettings = {
				ALWAYS_SEARCH_USER_PATHS = NO;
				CLANG_CXX_LANGUAGE_STANDARD = "gnu++0x";
				CLANG_CXX_LIBRARY = "libc++";
				CLANG_ENABLE_MODULES = YES;
				CLANG_ENABLE_OBJC_ARC = YES;
				CLANG_WARN_BOOL_CONVERSION = YES;
				CLANG_WARN_CONSTANT_CONVERSION = YES;
				CLANG_WARN_DIRECT_OBJC_ISA_USAGE = YES_ERROR;
				CLANG_WARN_EMPTY_BODY = YES;
				CLANG_WARN_ENUM_CONVERSION = YES;
				CLANG_WARN_INT_CONVERSION = YES;
				CLANG_WARN_OBJC_ROOT_CLASS = YES_ERROR;
				CLANG_WARN_UNREACHABLE_CODE = YES;
				CLANG_WARN__DUPLICATE_METHOD_MATCH = YES;
				"CODE_SIGN_IDENTITY[sdk=iphoneos*]" = "iPhone Developer";
				COPY_PHASE_STRIP = NO;
				DEBUG_INFORMATION_FORMAT = "dwarf-with-dsym";
				ENABLE_STRICT_OBJC_MSGSEND = YES;
				GCC_C_LANGUAGE_STANDARD = gnu99;
				GCC_DYNAMIC_NO_PIC = NO;
				GCC_NO_COMMON_BLOCKS = YES;
				GCC_OPTIMIZATION_LEVEL = 0;
				GCC_PREPROCESSOR_DEFINITIONS = (
					"DEBUG=1",
					"$(inherited)",
				);
				GCC_SYMBOLS_PRIVATE_EXTERN = NO;
				GCC_WARN_64_TO_32_BIT_CONVERSION = YES;
				GCC_WARN_ABOUT_RETURN_TYPE = YES_ERROR;
				GCC_WARN_UNDECLARED_SELECTOR = YES;
				GCC_WARN_UNINITIALIZED_AUTOS = YES_AGGRESSIVE;
				GCC_WARN_UNUSED_FUNCTION = YES;
				GCC_WARN_UNUSED_VARIABLE = YES;
				IPHONEOS_DEPLOYMENT_TARGET = 8.3;
				MTL_ENABLE_DEBUG_INFO = YES;
				ONLY_ACTIVE_ARCH = YES;
				SDKROOT = iphoneos;
				SWIFT_OPTIMIZATION_LEVEL = "-Onone";
				TARGETED_DEVICE_FAMILY = "1,2";
			};
			name = Debug;
		};
		127961CE1B2FBA4400539B52 /* Release */ = {
			isa = XCBuildConfiguration;
			buildSettings = {
				ALWAYS_SEARCH_USER_PATHS = NO;
				CLANG_CXX_LANGUAGE_STANDARD = "gnu++0x";
				CLANG_CXX_LIBRARY = "libc++";
				CLANG_ENABLE_MODULES = YES;
				CLANG_ENABLE_OBJC_ARC = YES;
				CLANG_WARN_BOOL_CONVERSION = YES;
				CLANG_WARN_CONSTANT_CONVERSION = YES;
				CLANG_WARN_DIRECT_OBJC_ISA_USAGE = YES_ERROR;
				CLANG_WARN_EMPTY_BODY = YES;
				CLANG_WARN_ENUM_CONVERSION = YES;
				CLANG_WARN_INT_CONVERSION = YES;
				CLANG_WARN_OBJC_ROOT_CLASS = YES_ERROR;
				CLANG_WARN_UNREACHABLE_CODE = YES;
				CLANG_WARN__DUPLICATE_METHOD_MATCH = YES;
				"CODE_SIGN_IDENTITY[sdk=iphoneos*]" = "iPhone Developer";
				COPY_PHASE_STRIP = NO;
				DEBUG_INFORMATION_FORMAT = "dwarf-with-dsym";
				ENABLE_NS_ASSERTIONS = NO;
				ENABLE_STRICT_OBJC_MSGSEND = YES;
				GCC_C_LANGUAGE_STANDARD = gnu99;
				GCC_NO_COMMON_BLOCKS = YES;
				GCC_WARN_64_TO_32_BIT_CONVERSION = YES;
				GCC_WARN_ABOUT_RETURN_TYPE = YES_ERROR;
				GCC_WARN_UNDECLARED_SELECTOR = YES;
				GCC_WARN_UNINITIALIZED_AUTOS = YES_AGGRESSIVE;
				GCC_WARN_UNUSED_FUNCTION = YES;
				GCC_WARN_UNUSED_VARIABLE = YES;
				IPHONEOS_DEPLOYMENT_TARGET = 8.3;
				MTL_ENABLE_DEBUG_INFO = NO;
				SDKROOT = iphoneos;
				TARGETED_DEVICE_FAMILY = "1,2";
				VALIDATE_PRODUCT = YES;
			};
			name = Release;
		};
		127961D01B2FBA4400539B52 /* Debug */ = {
			isa = XCBuildConfiguration;
			buildSettings = {
				ASSETCATALOG_COMPILER_APPICON_NAME = AppIcon;
				INFOPLIST_FILE = Postcard/Info.plist;
				LD_RUNPATH_SEARCH_PATHS = "$(inherited) @executable_path/Frameworks";
				PRODUCT_NAME = "$(TARGET_NAME)";
			};
			name = Debug;
		};
		127961D11B2FBA4400539B52 /* Release */ = {
			isa = XCBuildConfiguration;
			buildSettings = {
				ASSETCATALOG_COMPILER_APPICON_NAME = AppIcon;
				INFOPLIST_FILE = Postcard/Info.plist;
				LD_RUNPATH_SEARCH_PATHS = "$(inherited) @executable_path/Frameworks";
				PRODUCT_NAME = "$(TARGET_NAME)";
			};
			name = Release;
		};
		127961D31B2FBA4400539B52 /* Debug */ = {
			isa = XCBuildConfiguration;
			buildSettings = {
				BUNDLE_LOADER = "$(TEST_HOST)";
				FRAMEWORK_SEARCH_PATHS = (
					"$(SDKROOT)/Developer/Library/Frameworks",
					"$(inherited)",
				);
				GCC_PREPROCESSOR_DEFINITIONS = (
					"DEBUG=1",
					"$(inherited)",
				);
				INFOPLIST_FILE = PostcardTests/Info.plist;
				LD_RUNPATH_SEARCH_PATHS = "$(inherited) @executable_path/Frameworks @loader_path/Frameworks";
				PRODUCT_NAME = "$(TARGET_NAME)";
				TEST_HOST = "$(BUILT_PRODUCTS_DIR)/Postcard.app/Postcard";
			};
			name = Debug;
		};
		127961D41B2FBA4400539B52 /* Release */ = {
			isa = XCBuildConfiguration;
			buildSettings = {
				BUNDLE_LOADER = "$(TEST_HOST)";
				FRAMEWORK_SEARCH_PATHS = (
					"$(SDKROOT)/Developer/Library/Frameworks",
					"$(inherited)",
				);
				INFOPLIST_FILE = PostcardTests/Info.plist;
				LD_RUNPATH_SEARCH_PATHS = "$(inherited) @executable_path/Frameworks @loader_path/Frameworks";
				PRODUCT_NAME = "$(TARGET_NAME)";
				TEST_HOST = "$(BUILT_PRODUCTS_DIR)/Postcard.app/Postcard";
			};
			name = Release;
		};
/* End XCBuildConfiguration section */

/* Begin XCConfigurationList section */
		127961AB1B2FBA4300539B52 /* Build configuration list for PBXProject "Postcard" */ = {
			isa = XCConfigurationList;
			buildConfigurations = (
				127961CD1B2FBA4400539B52 /* Debug */,
				127961CE1B2FBA4400539B52 /* Release */,
			);
			defaultConfigurationIsVisible = 0;
			defaultConfigurationName = Release;
		};
		127961CF1B2FBA4400539B52 /* Build configuration list for PBXNativeTarget "Postcard" */ = {
			isa = XCConfigurationList;
			buildConfigurations = (
				127961D01B2FBA4400539B52 /* Debug */,
				127961D11B2FBA4400539B52 /* Release */,
			);
			defaultConfigurationIsVisible = 0;
			defaultConfigurationName = Release;
		};
		127961D21B2FBA4400539B52 /* Build configuration list for PBXNativeTarget "PostcardTests" */ = {
			isa = XCConfigurationList;
			buildConfigurations = (
				127961D31B2FBA4400539B52 /* Debug */,
				127961D41B2FBA4400539B52 /* Release */,
			);
			defaultConfigurationIsVisible = 0;
			defaultConfigurationName = Release;
		};
/* End XCConfigurationList section */
	};
	rootObject = 127961A81B2FBA4300539B52 /* Project object */;
}
